
Microsoft Visual Studio Solution File, Format Version 12.00
# Visual Studio Version 17
VisualStudioVersion = 17.12.35527.113
MinimumVisualStudioVersion = 10.0.40219.1
Project("{FAE04EC0-301F-11D3-BF4B-00C04F79EFBC}") = "ApptSmartBackend", "ApptSmartBackend\ApptSmartBackend.csproj", "{720AD652-95C7-4F52-A537-C81237A4D4C9}"
EndProject
Project("{FAE04EC0-301F-11D3-BF4B-00C04F79EFBC}") = "ApptSmartBackend_Tests", "ApptSmartBackend_Tests\ApptSmartBackend_Tests.csproj", "{C8E19374-F41F-4014-B9D5-EC5B71B16AA1}"
EndProject
Project("{FAE04EC0-301F-11D3-BF4B-00C04F79EFBC}") = "ApptSmartBackend_Scripts", "ApptSmartBackend_Scripts\ApptSmartBackend_Scripts.csproj", "{975D9ECF-B71F-419F-B4B9-0659ACAC7FE1}"
EndProject
Global
	GlobalSection(SolutionConfigurationPlatforms) = preSolution
		Debug|Any CPU = Debug|Any CPU
		Release|Any CPU = Release|Any CPU
	EndGlobalSection
	GlobalSection(ProjectConfigurationPlatforms) = postSolution
		{720AD652-95C7-4F52-A537-C81237A4D4C9}.Debug|Any CPU.ActiveCfg = Debug|Any CPU
		{720AD652-95C7-4F52-A537-C81237A4D4C9}.Debug|Any CPU.Build.0 = Debug|Any CPU
		{720AD652-95C7-4F52-A537-C81237A4D4C9}.Release|Any CPU.ActiveCfg = Release|Any CPU
		{720AD652-95C7-4F52-A537-C81237A4D4C9}.Release|Any CPU.Build.0 = Release|Any CPU
		{C8E19374-F41F-4014-B9D5-EC5B71B16AA1}.Debug|Any CPU.ActiveCfg = Debug|Any CPU
		{C8E19374-F41F-4014-B9D5-EC5B71B16AA1}.Debug|Any CPU.Build.0 = Debug|Any CPU
		{C8E19374-F41F-4014-B9D5-EC5B71B16AA1}.Release|Any CPU.ActiveCfg = Release|Any CPU
		{C8E19374-F41F-4014-B9D5-EC5B71B16AA1}.Release|Any CPU.Build.0 = Release|Any CPU
		{975D9ECF-B71F-419F-B4B9-0659ACAC7FE1}.Debug|Any CPU.ActiveCfg = Debug|Any CPU
		{975D9ECF-B71F-419F-B4B9-0659ACAC7FE1}.Debug|Any CPU.Build.0 = Debug|Any CPU
		{975D9ECF-B71F-419F-B4B9-0659ACAC7FE1}.Release|Any CPU.ActiveCfg = Release|Any CPU
		{975D9ECF-B71F-419F-B4B9-0659ACAC7FE1}.Release|Any CPU.Build.0 = Release|Any CPU
	EndGlobalSection
	GlobalSection(SolutionProperties) = preSolution
		HideSolutionNode = FALSE
	EndGlobalSection
EndGlobal
